
Microsoft Visual Studio Solution File, Format Version 12.00
# Visual Studio Version 18
VisualStudioVersion = 18.0.11205.157 d18.0
MinimumVisualStudioVersion = 10.0.40219.1
Project("{FAE04EC0-301F-11D3-BF4B-00C04F79EFBC}") = "MinecraftServerDiscordBot", "MinecraftServerDiscordBot\MinecraftServerDiscordBot.csproj", "{EFBFDECD-DA77-4377-9EB7-F026D983A094}"
EndProject
Project("{2150E333-8FDC-42A3-9474-1A3956D46DE8}") = "Solution Items", "Solution Items", "{02EA681E-C7D8-13C7-8484-4AC65E1B71E8}"
	ProjectSection(SolutionItems) = preProject
		.editorconfig = .editorconfig
	EndProjectSection
EndProject
Project("{E53339B2-1760-4266-BCC7-CA923CBCF16C}") = "docker-compose", "docker-compose.dcproj", "{B8FFDEC9-EFE6-4AC5-9286-7CD2363D748C}"
EndProject
Global
	GlobalSection(SolutionConfigurationPlatforms) = preSolution
		Debug|Any CPU = Debug|Any CPU
		Release|Any CPU = Release|Any CPU
	EndGlobalSection
	GlobalSection(ProjectConfigurationPlatforms) = postSolution
		{EFBFDECD-DA77-4377-9EB7-F026D983A094}.Debug|Any CPU.ActiveCfg = Debug|Any CPU
		{EFBFDECD-DA77-4377-9EB7-F026D983A094}.Debug|Any CPU.Build.0 = Debug|Any CPU
		{EFBFDECD-DA77-4377-9EB7-F026D983A094}.Release|Any CPU.ActiveCfg = Release|Any CPU
		{EFBFDECD-DA77-4377-9EB7-F026D983A094}.Release|Any CPU.Build.0 = Release|Any CPU
		{B8FFDEC9-EFE6-4AC5-9286-7CD2363D748C}.Debug|Any CPU.ActiveCfg = Debug|Any CPU
		{B8FFDEC9-EFE6-4AC5-9286-7CD2363D748C}.Debug|Any CPU.Build.0 = Debug|Any CPU
		{B8FFDEC9-EFE6-4AC5-9286-7CD2363D748C}.Release|Any CPU.ActiveCfg = Release|Any CPU
		{B8FFDEC9-EFE6-4AC5-9286-7CD2363D748C}.Release|Any CPU.Build.0 = Release|Any CPU
	EndGlobalSection
	GlobalSection(SolutionProperties) = preSolution
		HideSolutionNode = FALSE
	EndGlobalSection
	GlobalSection(ExtensibilityGlobals) = postSolution
		SolutionGuid = {58DE4091-21F4-4A73-B7FC-0BC51B260E24}
	EndGlobalSection
EndGlobal
